// !$*UTF8*$!
{
	archiveVersion = 1;
	classes = {
	};
	objectVersion = 48;
	objects = {

/* Begin PBXBuildFile section */
		5A82516F6D084B2B8B555D74 /* Pods_firekit.framework in Frameworks */ = {isa = PBXBuildFile; fileRef = EF89B085B0251F7EB9B6E3EA /* Pods_firekit.framework */; };
		7284ACEB21B1E24900F1C11C /* AppDelegate.swift in Sources */ = {isa = PBXBuildFile; fileRef = 7284ACEA21B1E24900F1C11C /* AppDelegate.swift */; };
		7284ACED21B1E24900F1C11C /* ViewController.swift in Sources */ = {isa = PBXBuildFile; fileRef = 7284ACEC21B1E24900F1C11C /* ViewController.swift */; };
		7284ACF021B1E24900F1C11C /* Main.storyboard in Resources */ = {isa = PBXBuildFile; fileRef = 7284ACEE21B1E24900F1C11C /* Main.storyboard */; };
		7284ACF221B1E24A00F1C11C /* Assets.xcassets in Resources */ = {isa = PBXBuildFile; fileRef = 7284ACF121B1E24A00F1C11C /* Assets.xcassets */; };
		7284ACF521B1E24A00F1C11C /* LaunchScreen.storyboard in Resources */ = {isa = PBXBuildFile; fileRef = 7284ACF321B1E24A00F1C11C /* LaunchScreen.storyboard */; };
		7284AD0021B1E24A00F1C11C /* firekitTests.swift in Sources */ = {isa = PBXBuildFile; fileRef = 7284ACFF21B1E24A00F1C11C /* firekitTests.swift */; };
		7284AD0B21B1EE3F00F1C11C /* Colors.xcassets in Resources */ = {isa = PBXBuildFile; fileRef = 7284AD0A21B1EE3F00F1C11C /* Colors.xcassets */; };
		7284AD1821B1EE9D00F1C11C /* LoginViewController.xib in Resources */ = {isa = PBXBuildFile; fileRef = 7284AD1621B1EE9C00F1C11C /* LoginViewController.xib */; };
		7284AD1921B1EE9D00F1C11C /* LoginViewController.swift in Sources */ = {isa = PBXBuildFile; fileRef = 7284AD1721B1EE9D00F1C11C /* LoginViewController.swift */; };
		7284AD1D21B24C9400F1C11C /* ChatViewController.swift in Sources */ = {isa = PBXBuildFile; fileRef = 7284AD1B21B24C9400F1C11C /* ChatViewController.swift */; };
		7284AD1E21B24C9400F1C11C /* ChatViewController.xib in Resources */ = {isa = PBXBuildFile; fileRef = 7284AD1C21B24C9400F1C11C /* ChatViewController.xib */; };
		7284AD2021B24CE600F1C11C /* ComposerView.swift in Sources */ = {isa = PBXBuildFile; fileRef = 7284AD1F21B24CE600F1C11C /* ComposerView.swift */; };
		7284AD2221B24CF500F1C11C /* ComposerView.xib in Resources */ = {isa = PBXBuildFile; fileRef = 7284AD2121B24CF500F1C11C /* ComposerView.xib */; };
		72968AEA21B25E5D003E06DD /* MessagesSentTableViewCell.swift in Sources */ = {isa = PBXBuildFile; fileRef = 72968AE821B25E5D003E06DD /* MessagesSentTableViewCell.swift */; };
		72968AEB21B25E5D003E06DD /* MessagesSentTableViewCell.xib in Resources */ = {isa = PBXBuildFile; fileRef = 72968AE921B25E5D003E06DD /* MessagesSentTableViewCell.xib */; };
		72968AEE21B25E75003E06DD /* MessagesReceivedTableViewCell.swift in Sources */ = {isa = PBXBuildFile; fileRef = 72968AEC21B25E75003E06DD /* MessagesReceivedTableViewCell.swift */; };
		72968AEF21B25E75003E06DD /* MessagesReceivedTableViewCell.xib in Resources */ = {isa = PBXBuildFile; fileRef = 72968AED21B25E75003E06DD /* MessagesReceivedTableViewCell.xib */; };
		72968AF221B2F09A003E06DD /* ViewControllerHelper.swift in Sources */ = {isa = PBXBuildFile; fileRef = 72968AF121B2F09A003E06DD /* ViewControllerHelper.swift */; };
		72968AF721B32CFF003E06DD /* ChatListViewController.swift in Sources */ = {isa = PBXBuildFile; fileRef = 72968AF521B32CFF003E06DD /* ChatListViewController.swift */; };
		72968AF821B32CFF003E06DD /* ChatListViewController.xib in Resources */ = {isa = PBXBuildFile; fileRef = 72968AF621B32CFF003E06DD /* ChatListViewController.xib */; };
		72968AFD21B32D5B003E06DD /* ChartListTableViewCell.swift in Sources */ = {isa = PBXBuildFile; fileRef = 72968AFB21B32D5B003E06DD /* ChartListTableViewCell.swift */; };
		72968AFE21B32D5B003E06DD /* ChartListTableViewCell.xib in Resources */ = {isa = PBXBuildFile; fileRef = 72968AFC21B32D5B003E06DD /* ChartListTableViewCell.xib */; };
		72968B0521B346BC003E06DD /* User.swift in Sources */ = {isa = PBXBuildFile; fileRef = 72968B0421B346BC003E06DD /* User.swift */; };
		72968B0721B346D3003E06DD /* DataAccessManager.swift in Sources */ = {isa = PBXBuildFile; fileRef = 72968B0621B346D3003E06DD /* DataAccessManager.swift */; };
		72968B0921B34893003E06DD /* Message.swift in Sources */ = {isa = PBXBuildFile; fileRef = 72968B0821B34893003E06DD /* Message.swift */; };
		7755B46584CFC6B4354712A9 /* Pods_firekitTests.framework in Frameworks */ = {isa = PBXBuildFile; fileRef = 39400F114F1ECCB3ED38A973 /* Pods_firekitTests.framework */; };
/* End PBXBuildFile section */

/* Begin PBXContainerItemProxy section */
		7284ACFC21B1E24A00F1C11C /* PBXContainerItemProxy */ = {
			isa = PBXContainerItemProxy;
			containerPortal = 7284ACDF21B1E24900F1C11C /* Project object */;
			proxyType = 1;
			remoteGlobalIDString = 7284ACE621B1E24900F1C11C;
			remoteInfo = firekit;
		};
/* End PBXContainerItemProxy section */

/* Begin PBXFileReference section */
		390A4FF63E5E5848328BADE0 /* Pods-firekit.debug.xcconfig */ = {isa = PBXFileReference; includeInIndex = 1; lastKnownFileType = text.xcconfig; name = "Pods-firekit.debug.xcconfig"; path = "Pods/Target Support Files/Pods-firekit/Pods-firekit.debug.xcconfig"; sourceTree = "<group>"; };
		39400F114F1ECCB3ED38A973 /* Pods_firekitTests.framework */ = {isa = PBXFileReference; explicitFileType = wrapper.framework; includeInIndex = 0; path = Pods_firekitTests.framework; sourceTree = BUILT_PRODUCTS_DIR; };
		6C52F7B3F23BDB0900D000B9 /* Pods-firekit.release.xcconfig */ = {isa = PBXFileReference; includeInIndex = 1; lastKnownFileType = text.xcconfig; name = "Pods-firekit.release.xcconfig"; path = "Pods/Target Support Files/Pods-firekit/Pods-firekit.release.xcconfig"; sourceTree = "<group>"; };
		7284ACE721B1E24900F1C11C /* firekit.app */ = {isa = PBXFileReference; explicitFileType = wrapper.application; includeInIndex = 0; path = firekit.app; sourceTree = BUILT_PRODUCTS_DIR; };
		7284ACEA21B1E24900F1C11C /* AppDelegate.swift */ = {isa = PBXFileReference; lastKnownFileType = sourcecode.swift; path = AppDelegate.swift; sourceTree = "<group>"; wrapsLines = 0; };
		7284ACEC21B1E24900F1C11C /* ViewController.swift */ = {isa = PBXFileReference; lastKnownFileType = sourcecode.swift; path = ViewController.swift; sourceTree = "<group>"; };
		7284ACEF21B1E24900F1C11C /* Base */ = {isa = PBXFileReference; lastKnownFileType = file.storyboard; name = Base; path = Base.lproj/Main.storyboard; sourceTree = "<group>"; };
		7284ACF121B1E24A00F1C11C /* Assets.xcassets */ = {isa = PBXFileReference; lastKnownFileType = folder.assetcatalog; path = Assets.xcassets; sourceTree = "<group>"; };
		7284ACF421B1E24A00F1C11C /* Base */ = {isa = PBXFileReference; lastKnownFileType = file.storyboard; name = Base; path = Base.lproj/LaunchScreen.storyboard; sourceTree = "<group>"; };
		7284ACF621B1E24A00F1C11C /* Info.plist */ = {isa = PBXFileReference; lastKnownFileType = text.plist.xml; path = Info.plist; sourceTree = "<group>"; };
		7284ACFB21B1E24A00F1C11C /* firekitTests.xctest */ = {isa = PBXFileReference; explicitFileType = wrapper.cfbundle; includeInIndex = 0; path = firekitTests.xctest; sourceTree = BUILT_PRODUCTS_DIR; };
		7284ACFF21B1E24A00F1C11C /* firekitTests.swift */ = {isa = PBXFileReference; lastKnownFileType = sourcecode.swift; path = firekitTests.swift; sourceTree = "<group>"; };
		7284AD0121B1E24A00F1C11C /* Info.plist */ = {isa = PBXFileReference; lastKnownFileType = text.plist.xml; path = Info.plist; sourceTree = "<group>"; };
		7284AD0A21B1EE3F00F1C11C /* Colors.xcassets */ = {isa = PBXFileReference; lastKnownFileType = folder.assetcatalog; path = Colors.xcassets; sourceTree = "<group>"; };
		7284AD1621B1EE9C00F1C11C /* LoginViewController.xib */ = {isa = PBXFileReference; fileEncoding = 4; lastKnownFileType = file.xib; path = LoginViewController.xib; sourceTree = "<group>"; };
		7284AD1721B1EE9D00F1C11C /* LoginViewController.swift */ = {isa = PBXFileReference; fileEncoding = 4; lastKnownFileType = sourcecode.swift; path = LoginViewController.swift; sourceTree = "<group>"; };
		7284AD1B21B24C9400F1C11C /* ChatViewController.swift */ = {isa = PBXFileReference; lastKnownFileType = sourcecode.swift; path = ChatViewController.swift; sourceTree = "<group>"; };
		7284AD1C21B24C9400F1C11C /* ChatViewController.xib */ = {isa = PBXFileReference; lastKnownFileType = file.xib; path = ChatViewController.xib; sourceTree = "<group>"; };
		7284AD1F21B24CE600F1C11C /* ComposerView.swift */ = {isa = PBXFileReference; lastKnownFileType = sourcecode.swift; path = ComposerView.swift; sourceTree = "<group>"; };
		7284AD2121B24CF500F1C11C /* ComposerView.xib */ = {isa = PBXFileReference; lastKnownFileType = file.xib; path = ComposerView.xib; sourceTree = "<group>"; };
		72968AE821B25E5D003E06DD /* MessagesSentTableViewCell.swift */ = {isa = PBXFileReference; lastKnownFileType = sourcecode.swift; path = MessagesSentTableViewCell.swift; sourceTree = "<group>"; };
		72968AE921B25E5D003E06DD /* MessagesSentTableViewCell.xib */ = {isa = PBXFileReference; lastKnownFileType = file.xib; path = MessagesSentTableViewCell.xib; sourceTree = "<group>"; };
		72968AEC21B25E75003E06DD /* MessagesReceivedTableViewCell.swift */ = {isa = PBXFileReference; lastKnownFileType = sourcecode.swift; path = MessagesReceivedTableViewCell.swift; sourceTree = "<group>"; };
		72968AED21B25E75003E06DD /* MessagesReceivedTableViewCell.xib */ = {isa = PBXFileReference; lastKnownFileType = file.xib; path = MessagesReceivedTableViewCell.xib; sourceTree = "<group>"; };
		72968AF121B2F09A003E06DD /* ViewControllerHelper.swift */ = {isa = PBXFileReference; lastKnownFileType = sourcecode.swift; path = ViewControllerHelper.swift; sourceTree = "<group>"; };
		72968AF521B32CFF003E06DD /* ChatListViewController.swift */ = {isa = PBXFileReference; lastKnownFileType = sourcecode.swift; path = ChatListViewController.swift; sourceTree = "<group>"; };
		72968AF621B32CFF003E06DD /* ChatListViewController.xib */ = {isa = PBXFileReference; lastKnownFileType = file.xib; path = ChatListViewController.xib; sourceTree = "<group>"; };
		72968AFB21B32D5B003E06DD /* ChartListTableViewCell.swift */ = {isa = PBXFileReference; lastKnownFileType = sourcecode.swift; path = ChartListTableViewCell.swift; sourceTree = "<group>"; };
		72968AFC21B32D5B003E06DD /* ChartListTableViewCell.xib */ = {isa = PBXFileReference; lastKnownFileType = file.xib; path = ChartListTableViewCell.xib; sourceTree = "<group>"; };
		72968B0421B346BC003E06DD /* User.swift */ = {isa = PBXFileReference; lastKnownFileType = sourcecode.swift; path = User.swift; sourceTree = "<group>"; };
		72968B0621B346D3003E06DD /* DataAccessManager.swift */ = {isa = PBXFileReference; lastKnownFileType = sourcecode.swift; path = DataAccessManager.swift; sourceTree = "<group>"; };
		72968B0821B34893003E06DD /* Message.swift */ = {isa = PBXFileReference; lastKnownFileType = sourcecode.swift; path = Message.swift; sourceTree = "<group>"; };
		B840459F6C2BA890E3625FAC /* Pods-firekitTests.debug.xcconfig */ = {isa = PBXFileReference; includeInIndex = 1; lastKnownFileType = text.xcconfig; name = "Pods-firekitTests.debug.xcconfig"; path = "Pods/Target Support Files/Pods-firekitTests/Pods-firekitTests.debug.xcconfig"; sourceTree = "<group>"; };
		EF89B085B0251F7EB9B6E3EA /* Pods_firekit.framework */ = {isa = PBXFileReference; explicitFileType = wrapper.framework; includeInIndex = 0; path = Pods_firekit.framework; sourceTree = BUILT_PRODUCTS_DIR; };
		F951D6E7A3B05035A069E89A /* Pods-firekitTests.release.xcconfig */ = {isa = PBXFileReference; includeInIndex = 1; lastKnownFileType = text.xcconfig; name = "Pods-firekitTests.release.xcconfig"; path = "Pods/Target Support Files/Pods-firekitTests/Pods-firekitTests.release.xcconfig"; sourceTree = "<group>"; };
/* End PBXFileReference section */

/* Begin PBXFrameworksBuildPhase section */
		7284ACE421B1E24900F1C11C /* Frameworks */ = {
			isa = PBXFrameworksBuildPhase;
			buildActionMask = 2147483647;
			files = (
				5A82516F6D084B2B8B555D74 /* Pods_firekit.framework in Frameworks */,
			);
			runOnlyForDeploymentPostprocessing = 0;
		};
		7284ACF821B1E24A00F1C11C /* Frameworks */ = {
			isa = PBXFrameworksBuildPhase;
			buildActionMask = 2147483647;
			files = (
				7755B46584CFC6B4354712A9 /* Pods_firekitTests.framework in Frameworks */,
			);
			runOnlyForDeploymentPostprocessing = 0;
		};
/* End PBXFrameworksBuildPhase section */

/* Begin PBXGroup section */
		1B3A180B8F20765FCA82E3C8 /* Pods */ = {
			isa = PBXGroup;
			children = (
				390A4FF63E5E5848328BADE0 /* Pods-firekit.debug.xcconfig */,
				6C52F7B3F23BDB0900D000B9 /* Pods-firekit.release.xcconfig */,
				B840459F6C2BA890E3625FAC /* Pods-firekitTests.debug.xcconfig */,
				F951D6E7A3B05035A069E89A /* Pods-firekitTests.release.xcconfig */,
			);
			name = Pods;
			sourceTree = "<group>";
		};
		7284ACDE21B1E24900F1C11C = {
			isa = PBXGroup;
			children = (
				7284ACE921B1E24900F1C11C /* firekit */,
				7284ACFE21B1E24A00F1C11C /* firekitTests */,
				7284ACE821B1E24900F1C11C /* Products */,
				1B3A180B8F20765FCA82E3C8 /* Pods */,
				D9690EC4A95C179F67819DC2 /* Frameworks */,
			);
			sourceTree = "<group>";
		};
		7284ACE821B1E24900F1C11C /* Products */ = {
			isa = PBXGroup;
			children = (
				7284ACE721B1E24900F1C11C /* firekit.app */,
				7284ACFB21B1E24A00F1C11C /* firekitTests.xctest */,
			);
			name = Products;
			sourceTree = "<group>";
		};
		7284ACE921B1E24900F1C11C /* firekit */ = {
			isa = PBXGroup;
			children = (
				72968B0321B3437B003E06DD /* Models */,
				72968AF021B2F07D003E06DD /* Helpers */,
				7284AD1A21B24C4B00F1C11C /* Chat */,
				7284AD0C21B1EE6400F1C11C /* Login */,
				7284ACEA21B1E24900F1C11C /* AppDelegate.swift */,
				7284ACEC21B1E24900F1C11C /* ViewController.swift */,
				7284ACEE21B1E24900F1C11C /* Main.storyboard */,
				7284ACF121B1E24A00F1C11C /* Assets.xcassets */,
				7284AD0A21B1EE3F00F1C11C /* Colors.xcassets */,
				7284ACF321B1E24A00F1C11C /* LaunchScreen.storyboard */,
				7284ACF621B1E24A00F1C11C /* Info.plist */,
			);
			path = firekit;
			sourceTree = "<group>";
		};
		7284ACFE21B1E24A00F1C11C /* firekitTests */ = {
			isa = PBXGroup;
			children = (
				7284ACFF21B1E24A00F1C11C /* firekitTests.swift */,
				7284AD0121B1E24A00F1C11C /* Info.plist */,
			);
			path = firekitTests;
			sourceTree = "<group>";
		};
		7284AD0C21B1EE6400F1C11C /* Login */ = {
			isa = PBXGroup;
			children = (
				7284AD1721B1EE9D00F1C11C /* LoginViewController.swift */,
				7284AD1621B1EE9C00F1C11C /* LoginViewController.xib */,
			);
			path = Login;
			sourceTree = "<group>";
		};
		7284AD1A21B24C4B00F1C11C /* Chat */ = {
			isa = PBXGroup;
			children = (
				72968AF421B32CE1003E06DD /* ChatList */,
				72968AF321B32CD3003E06DD /* Messenger */,
			);
			path = Chat;
			sourceTree = "<group>";
		};
		72968AF021B2F07D003E06DD /* Helpers */ = {
			isa = PBXGroup;
			children = (
				72968AF121B2F09A003E06DD /* ViewControllerHelper.swift */,
				72968B0621B346D3003E06DD /* DataAccessManager.swift */,
			);
			path = Helpers;
			sourceTree = "<group>";
		};
		72968AF321B32CD3003E06DD /* Messenger */ = {
			isa = PBXGroup;
			children = (
				7284AD1B21B24C9400F1C11C /* ChatViewController.swift */,
				7284AD1C21B24C9400F1C11C /* ChatViewController.xib */,
				7284AD1F21B24CE600F1C11C /* ComposerView.swift */,
				7284AD2121B24CF500F1C11C /* ComposerView.xib */,
				72968AE821B25E5D003E06DD /* MessagesSentTableViewCell.swift */,
				72968AE921B25E5D003E06DD /* MessagesSentTableViewCell.xib */,
				72968AEC21B25E75003E06DD /* MessagesReceivedTableViewCell.swift */,
				72968AED21B25E75003E06DD /* MessagesReceivedTableViewCell.xib */,
			);
			path = Messenger;
			sourceTree = "<group>";
		};
		72968AF421B32CE1003E06DD /* ChatList */ = {
			isa = PBXGroup;
			children = (
				72968AF521B32CFF003E06DD /* ChatListViewController.swift */,
				72968AF621B32CFF003E06DD /* ChatListViewController.xib */,
				72968AFB21B32D5B003E06DD /* ChartListTableViewCell.swift */,
				72968AFC21B32D5B003E06DD /* ChartListTableViewCell.xib */,
			);
			path = ChatList;
			sourceTree = "<group>";
		};
		72968B0321B3437B003E06DD /* Models */ = {
			isa = PBXGroup;
			children = (
				72968B0421B346BC003E06DD /* User.swift */,
				72968B0821B34893003E06DD /* Message.swift */,
			);
			path = Models;
			sourceTree = "<group>";
		};
		D9690EC4A95C179F67819DC2 /* Frameworks */ = {
			isa = PBXGroup;
			children = (
				EF89B085B0251F7EB9B6E3EA /* Pods_firekit.framework */,
				39400F114F1ECCB3ED38A973 /* Pods_firekitTests.framework */,
			);
			name = Frameworks;
			sourceTree = "<group>";
		};
/* End PBXGroup section */

/* Begin PBXNativeTarget section */
		7284ACE621B1E24900F1C11C /* firekit */ = {
			isa = PBXNativeTarget;
			buildConfigurationList = 7284AD0421B1E24A00F1C11C /* Build configuration list for PBXNativeTarget "firekit" */;
			buildPhases = (
				CE3B2A3D7BE905A54F4C5501 /* [CP] Check Pods Manifest.lock */,
				7284ACE321B1E24900F1C11C /* Sources */,
				7284ACE421B1E24900F1C11C /* Frameworks */,
				7284ACE521B1E24900F1C11C /* Resources */,
				D7CDBC90466A343A5BD0A167 /* [CP] Embed Pods Frameworks */,
				10934F76B3AD7E7B780EECD6 /* [CP] Copy Pods Resources */,
			);
			buildRules = (
			);
			dependencies = (
			);
			name = firekit;
			productName = firekit;
			productReference = 7284ACE721B1E24900F1C11C /* firekit.app */;
			productType = "com.apple.product-type.application";
		};
		7284ACFA21B1E24A00F1C11C /* firekitTests */ = {
			isa = PBXNativeTarget;
			buildConfigurationList = 7284AD0721B1E24A00F1C11C /* Build configuration list for PBXNativeTarget "firekitTests" */;
			buildPhases = (
				56F19B2E6BDCA66808D281BB /* [CP] Check Pods Manifest.lock */,
				7284ACF721B1E24A00F1C11C /* Sources */,
				7284ACF821B1E24A00F1C11C /* Frameworks */,
				7284ACF921B1E24A00F1C11C /* Resources */,
				69A17B36F9A4F4DD15A7F08B /* [CP] Embed Pods Frameworks */,
				80E004094FF6889B706E447B /* [CP] Copy Pods Resources */,
			);
			buildRules = (
			);
			dependencies = (
				7284ACFD21B1E24A00F1C11C /* PBXTargetDependency */,
			);
			name = firekitTests;
			productName = firekitTests;
			productReference = 7284ACFB21B1E24A00F1C11C /* firekitTests.xctest */;
			productType = "com.apple.product-type.bundle.unit-test";
		};
/* End PBXNativeTarget section */

/* Begin PBXProject section */
		7284ACDF21B1E24900F1C11C /* Project object */ = {
			isa = PBXProject;
			attributes = {
				LastSwiftUpdateCheck = 1010;
				LastUpgradeCheck = 1010;
				ORGANIZATIONNAME = "Tommy Le";
				TargetAttributes = {
					7284ACE621B1E24900F1C11C = {
						CreatedOnToolsVersion = 10.1;
						ProvisioningStyle = Automatic;
					};
					7284ACFA21B1E24A00F1C11C = {
						CreatedOnToolsVersion = 10.1;
						ProvisioningStyle = Automatic;
						TestTargetID = 7284ACE621B1E24900F1C11C;
					};
				};
			};
			buildConfigurationList = 7284ACE221B1E24900F1C11C /* Build configuration list for PBXProject "firekit" */;
			compatibilityVersion = "Xcode 8.0";
			developmentRegion = en;
			hasScannedForEncodings = 0;
			knownRegions = (
				en,
				Base,
			);
			mainGroup = 7284ACDE21B1E24900F1C11C;
			productRefGroup = 7284ACE821B1E24900F1C11C /* Products */;
			projectDirPath = "";
			projectRoot = "";
			targets = (
				7284ACE621B1E24900F1C11C /* firekit */,
				7284ACFA21B1E24A00F1C11C /* firekitTests */,
			);
		};
/* End PBXProject section */

/* Begin PBXResourcesBuildPhase section */
		7284ACE521B1E24900F1C11C /* Resources */ = {
			isa = PBXResourcesBuildPhase;
			buildActionMask = 2147483647;
			files = (
				7284AD1821B1EE9D00F1C11C /* LoginViewController.xib in Resources */,
				7284ACF521B1E24A00F1C11C /* LaunchScreen.storyboard in Resources */,
				72968AFE21B32D5B003E06DD /* ChartListTableViewCell.xib in Resources */,
				72968AEF21B25E75003E06DD /* MessagesReceivedTableViewCell.xib in Resources */,
				7284AD1E21B24C9400F1C11C /* ChatViewController.xib in Resources */,
				72968AEB21B25E5D003E06DD /* MessagesSentTableViewCell.xib in Resources */,
				7284AD2221B24CF500F1C11C /* ComposerView.xib in Resources */,
				7284AD0B21B1EE3F00F1C11C /* Colors.xcassets in Resources */,
				7284ACF221B1E24A00F1C11C /* Assets.xcassets in Resources */,
				72968AF821B32CFF003E06DD /* ChatListViewController.xib in Resources */,
				7284ACF021B1E24900F1C11C /* Main.storyboard in Resources */,
			);
			runOnlyForDeploymentPostprocessing = 0;
		};
		7284ACF921B1E24A00F1C11C /* Resources */ = {
			isa = PBXResourcesBuildPhase;
			buildActionMask = 2147483647;
			files = (
			);
			runOnlyForDeploymentPostprocessing = 0;
		};
/* End PBXResourcesBuildPhase section */

/* Begin PBXShellScriptBuildPhase section */
		10934F76B3AD7E7B780EECD6 /* [CP] Copy Pods Resources */ = {
			isa = PBXShellScriptBuildPhase;
			buildActionMask = 2147483647;
			files = (
			);
			inputPaths = (
			);
			name = "[CP] Copy Pods Resources";
			outputPaths = (
			);
			runOnlyForDeploymentPostprocessing = 0;
			shellPath = /bin/sh;
			shellScript = "\"${SRCROOT}/Pods/Target Support Files/Pods-firekit/Pods-firekit-resources.sh\"\n";
			showEnvVarsInLog = 0;
		};
		56F19B2E6BDCA66808D281BB /* [CP] Check Pods Manifest.lock */ = {
			isa = PBXShellScriptBuildPhase;
			buildActionMask = 2147483647;
			files = (
			);
			inputPaths = (
			);
			name = "[CP] Check Pods Manifest.lock";
			outputPaths = (
			);
			runOnlyForDeploymentPostprocessing = 0;
			shellPath = /bin/sh;
			shellScript = "diff \"${PODS_ROOT}/../Podfile.lock\" \"${PODS_ROOT}/Manifest.lock\" > /dev/null\nif [ $? != 0 ] ; then\n    # print error to STDERR\n    echo \"error: The sandbox is not in sync with the Podfile.lock. Run 'pod install' or update your CocoaPods installation.\" >&2\n    exit 1\nfi\n";
			showEnvVarsInLog = 0;
		};
		69A17B36F9A4F4DD15A7F08B /* [CP] Embed Pods Frameworks */ = {
			isa = PBXShellScriptBuildPhase;
			buildActionMask = 2147483647;
			files = (
			);
			inputPaths = (
			);
			name = "[CP] Embed Pods Frameworks";
			outputPaths = (
			);
			runOnlyForDeploymentPostprocessing = 0;
			shellPath = /bin/sh;
			shellScript = "\"${SRCROOT}/Pods/Target Support Files/Pods-firekitTests/Pods-firekitTests-frameworks.sh\"\n";
			showEnvVarsInLog = 0;
		};
		80E004094FF6889B706E447B /* [CP] Copy Pods Resources */ = {
			isa = PBXShellScriptBuildPhase;
			buildActionMask = 2147483647;
			files = (
			);
			inputPaths = (
			);
			name = "[CP] Copy Pods Resources";
			outputPaths = (
			);
			runOnlyForDeploymentPostprocessing = 0;
			shellPath = /bin/sh;
			shellScript = "\"${SRCROOT}/Pods/Target Support Files/Pods-firekitTests/Pods-firekitTests-resources.sh\"\n";
			showEnvVarsInLog = 0;
		};
		CE3B2A3D7BE905A54F4C5501 /* [CP] Check Pods Manifest.lock */ = {
			isa = PBXShellScriptBuildPhase;
			buildActionMask = 2147483647;
			files = (
			);
			inputPaths = (
			);
			name = "[CP] Check Pods Manifest.lock";
			outputPaths = (
			);
			runOnlyForDeploymentPostprocessing = 0;
			shellPath = /bin/sh;
			shellScript = "diff \"${PODS_ROOT}/../Podfile.lock\" \"${PODS_ROOT}/Manifest.lock\" > /dev/null\nif [ $? != 0 ] ; then\n    # print error to STDERR\n    echo \"error: The sandbox is not in sync with the Podfile.lock. Run 'pod install' or update your CocoaPods installation.\" >&2\n    exit 1\nfi\n";
			showEnvVarsInLog = 0;
		};
		D7CDBC90466A343A5BD0A167 /* [CP] Embed Pods Frameworks */ = {
			isa = PBXShellScriptBuildPhase;
			buildActionMask = 2147483647;
			files = (
			);
			inputPaths = (
			);
			name = "[CP] Embed Pods Frameworks";
			outputPaths = (
			);
			runOnlyForDeploymentPostprocessing = 0;
			shellPath = /bin/sh;
			shellScript = "\"${SRCROOT}/Pods/Target Support Files/Pods-firekit/Pods-firekit-frameworks.sh\"\n";
			showEnvVarsInLog = 0;
		};
/* End PBXShellScriptBuildPhase section */

/* Begin PBXSourcesBuildPhase section */
		7284ACE321B1E24900F1C11C /* Sources */ = {
			isa = PBXSourcesBuildPhase;
			buildActionMask = 2147483647;
			files = (
				72968AEE21B25E75003E06DD /* MessagesReceivedTableViewCell.swift in Sources */,
				72968B0721B346D3003E06DD /* DataAccessManager.swift in Sources */,
				7284AD2021B24CE600F1C11C /* ComposerView.swift in Sources */,
				7284AD1921B1EE9D00F1C11C /* LoginViewController.swift in Sources */,
				7284ACED21B1E24900F1C11C /* ViewController.swift in Sources */,
				72968B0521B346BC003E06DD /* User.swift in Sources */,
				72968AFD21B32D5B003E06DD /* ChartListTableViewCell.swift in Sources */,
				72968AF221B2F09A003E06DD /* ViewControllerHelper.swift in Sources */,
				72968AEA21B25E5D003E06DD /* MessagesSentTableViewCell.swift in Sources */,
				72968B0921B34893003E06DD /* Message.swift in Sources */,
				72968AF721B32CFF003E06DD /* ChatListViewController.swift in Sources */,
				7284AD1D21B24C9400F1C11C /* ChatViewController.swift in Sources */,
				7284ACEB21B1E24900F1C11C /* AppDelegate.swift in Sources */,
			);
			runOnlyForDeploymentPostprocessing = 0;
		};
		7284ACF721B1E24A00F1C11C /* Sources */ = {
			isa = PBXSourcesBuildPhase;
			buildActionMask = 2147483647;
			files = (
				7284AD0021B1E24A00F1C11C /* firekitTests.swift in Sources */,
			);
			runOnlyForDeploymentPostprocessing = 0;
		};
/* End PBXSourcesBuildPhase section */

/* Begin PBXTargetDependency section */
		7284ACFD21B1E24A00F1C11C /* PBXTargetDependency */ = {
			isa = PBXTargetDependency;
			target = 7284ACE621B1E24900F1C11C /* firekit */;
			targetProxy = 7284ACFC21B1E24A00F1C11C /* PBXContainerItemProxy */;
		};
/* End PBXTargetDependency section */

/* Begin PBXVariantGroup section */
		7284ACEE21B1E24900F1C11C /* Main.storyboard */ = {
			isa = PBXVariantGroup;
			children = (
				7284ACEF21B1E24900F1C11C /* Base */,
			);
			name = Main.storyboard;
			sourceTree = "<group>";
		};
		7284ACF321B1E24A00F1C11C /* LaunchScreen.storyboard */ = {
			isa = PBXVariantGroup;
			children = (
				7284ACF421B1E24A00F1C11C /* Base */,
			);
			name = LaunchScreen.storyboard;
			sourceTree = "<group>";
		};
/* End PBXVariantGroup section */

/* Begin XCBuildConfiguration section */
		7284AD0221B1E24A00F1C11C /* Debug */ = {
			isa = XCBuildConfiguration;
			buildSettings = {
				ALWAYS_SEARCH_USER_PATHS = NO;
				CLANG_ANALYZER_NONNULL = YES;
				CLANG_ANALYZER_NUMBER_OBJECT_CONVERSION = YES_AGGRESSIVE;
				CLANG_CXX_LANGUAGE_STANDARD = "gnu++14";
				CLANG_CXX_LIBRARY = "libc++";
				CLANG_ENABLE_MODULES = YES;
				CLANG_ENABLE_OBJC_ARC = YES;
				CLANG_ENABLE_OBJC_WEAK = YES;
				CLANG_WARN_BLOCK_CAPTURE_AUTORELEASING = YES;
				CLANG_WARN_BOOL_CONVERSION = YES;
				CLANG_WARN_COMMA = YES;
				CLANG_WARN_CONSTANT_CONVERSION = YES;
				CLANG_WARN_DEPRECATED_OBJC_IMPLEMENTATIONS = YES;
				CLANG_WARN_DIRECT_OBJC_ISA_USAGE = YES_ERROR;
				CLANG_WARN_DOCUMENTATION_COMMENTS = YES;
				CLANG_WARN_EMPTY_BODY = YES;
				CLANG_WARN_ENUM_CONVERSION = YES;
				CLANG_WARN_INFINITE_RECURSION = YES;
				CLANG_WARN_INT_CONVERSION = YES;
				CLANG_WARN_NON_LITERAL_NULL_CONVERSION = YES;
				CLANG_WARN_OBJC_IMPLICIT_RETAIN_SELF = YES;
				CLANG_WARN_OBJC_LITERAL_CONVERSION = YES;
				CLANG_WARN_OBJC_ROOT_CLASS = YES_ERROR;
				CLANG_WARN_RANGE_LOOP_ANALYSIS = YES;
				CLANG_WARN_STRICT_PROTOTYPES = YES;
				CLANG_WARN_SUSPICIOUS_MOVE = YES;
				CLANG_WARN_UNGUARDED_AVAILABILITY = YES_AGGRESSIVE;
				CLANG_WARN_UNREACHABLE_CODE = YES;
				CLANG_WARN__DUPLICATE_METHOD_MATCH = YES;
				CODE_SIGN_IDENTITY = "iPhone Developer";
				COPY_PHASE_STRIP = NO;
				DEBUG_INFORMATION_FORMAT = dwarf;
				ENABLE_STRICT_OBJC_MSGSEND = YES;
				ENABLE_TESTABILITY = YES;
				GCC_C_LANGUAGE_STANDARD = gnu11;
				GCC_DYNAMIC_NO_PIC = NO;
				GCC_NO_COMMON_BLOCKS = YES;
				GCC_OPTIMIZATION_LEVEL = 0;
				GCC_PREPROCESSOR_DEFINITIONS = (
					"DEBUG=1",
					"$(inherited)",
				);
				GCC_WARN_64_TO_32_BIT_CONVERSION = YES;
				GCC_WARN_ABOUT_RETURN_TYPE = YES_ERROR;
				GCC_WARN_UNDECLARED_SELECTOR = YES;
				GCC_WARN_UNINITIALIZED_AUTOS = YES_AGGRESSIVE;
				GCC_WARN_UNUSED_FUNCTION = YES;
				GCC_WARN_UNUSED_VARIABLE = YES;
				IPHONEOS_DEPLOYMENT_TARGET = 12.1;
				MTL_ENABLE_DEBUG_INFO = INCLUDE_SOURCE;
				MTL_FAST_MATH = YES;
				ONLY_ACTIVE_ARCH = YES;
				SDKROOT = iphoneos;
				SWIFT_ACTIVE_COMPILATION_CONDITIONS = DEBUG;
				SWIFT_OPTIMIZATION_LEVEL = "-Onone";
			};
			name = Debug;
		};
		7284AD0321B1E24A00F1C11C /* Release */ = {
			isa = XCBuildConfiguration;
			buildSettings = {
				ALWAYS_SEARCH_USER_PATHS = NO;
				CLANG_ANALYZER_NONNULL = YES;
				CLANG_ANALYZER_NUMBER_OBJECT_CONVERSION = YES_AGGRESSIVE;
				CLANG_CXX_LANGUAGE_STANDARD = "gnu++14";
				CLANG_CXX_LIBRARY = "libc++";
				CLANG_ENABLE_MODULES = YES;
				CLANG_ENABLE_OBJC_ARC = YES;
				CLANG_ENABLE_OBJC_WEAK = YES;
				CLANG_WARN_BLOCK_CAPTURE_AUTORELEASING = YES;
				CLANG_WARN_BOOL_CONVERSION = YES;
				CLANG_WARN_COMMA = YES;
				CLANG_WARN_CONSTANT_CONVERSION = YES;
				CLANG_WARN_DEPRECATED_OBJC_IMPLEMENTATIONS = YES;
				CLANG_WARN_DIRECT_OBJC_ISA_USAGE = YES_ERROR;
				CLANG_WARN_DOCUMENTATION_COMMENTS = YES;
				CLANG_WARN_EMPTY_BODY = YES;
				CLANG_WARN_ENUM_CONVERSION = YES;
				CLANG_WARN_INFINITE_RECURSION = YES;
				CLANG_WARN_INT_CONVERSION = YES;
				CLANG_WARN_NON_LITERAL_NULL_CONVERSION = YES;
				CLANG_WARN_OBJC_IMPLICIT_RETAIN_SELF = YES;
				CLANG_WARN_OBJC_LITERAL_CONVERSION = YES;
				CLANG_WARN_OBJC_ROOT_CLASS = YES_ERROR;
				CLANG_WARN_RANGE_LOOP_ANALYSIS = YES;
				CLANG_WARN_STRICT_PROTOTYPES = YES;
				CLANG_WARN_SUSPICIOUS_MOVE = YES;
				CLANG_WARN_UNGUARDED_AVAILABILITY = YES_AGGRESSIVE;
				CLANG_WARN_UNREACHABLE_CODE = YES;
				CLANG_WARN__DUPLICATE_METHOD_MATCH = YES;
				CODE_SIGN_IDENTITY = "iPhone Developer";
				COPY_PHASE_STRIP = NO;
				DEBUG_INFORMATION_FORMAT = "dwarf-with-dsym";
				ENABLE_NS_ASSERTIONS = NO;
				ENABLE_STRICT_OBJC_MSGSEND = YES;
				GCC_C_LANGUAGE_STANDARD = gnu11;
				GCC_NO_COMMON_BLOCKS = YES;
				GCC_WARN_64_TO_32_BIT_CONVERSION = YES;
				GCC_WARN_ABOUT_RETURN_TYPE = YES_ERROR;
				GCC_WARN_UNDECLARED_SELECTOR = YES;
				GCC_WARN_UNINITIALIZED_AUTOS = YES_AGGRESSIVE;
				GCC_WARN_UNUSED_FUNCTION = YES;
				GCC_WARN_UNUSED_VARIABLE = YES;
				IPHONEOS_DEPLOYMENT_TARGET = 12.1;
				MTL_ENABLE_DEBUG_INFO = NO;
				MTL_FAST_MATH = YES;
				SDKROOT = iphoneos;
				SWIFT_OPTIMIZATION_LEVEL = "-Owholemodule";
				VALIDATE_PRODUCT = YES;
			};
			name = Release;
		};
		7284AD0521B1E24A00F1C11C /* Debug */ = {
			isa = XCBuildConfiguration;
			baseConfigurationReference = 390A4FF63E5E5848328BADE0 /* Pods-firekit.debug.xcconfig */;
			buildSettings = {
				ASSETCATALOG_COMPILER_APPICON_NAME = AppIcon;
				CODE_SIGN_STYLE = Automatic;
				DEVELOPMENT_TEAM = QVMS2DN242;
				INFOPLIST_FILE = firekit/Info.plist;
				LD_RUNPATH_SEARCH_PATHS = "$(inherited) @executable_path/Frameworks";
				PRODUCT_BUNDLE_IDENTIFIER = com.iostemplates.firekit;
				PRODUCT_NAME = "$(TARGET_NAME)";
				SWIFT_VERSION = 4.2;
				TARGETED_DEVICE_FAMILY = "1,2";
			};
			name = Debug;
		};
		7284AD0621B1E24A00F1C11C /* Release */ = {
			isa = XCBuildConfiguration;
			baseConfigurationReference = 6C52F7B3F23BDB0900D000B9 /* Pods-firekit.release.xcconfig */;
			buildSettings = {
				ASSETCATALOG_COMPILER_APPICON_NAME = AppIcon;
				CODE_SIGN_STYLE = Automatic;
				DEVELOPMENT_TEAM = QVMS2DN242;
				INFOPLIST_FILE = firekit/Info.plist;
				LD_RUNPATH_SEARCH_PATHS = "$(inherited) @executable_path/Frameworks";
				PRODUCT_BUNDLE_IDENTIFIER = com.iostemplates.firekit;
				PRODUCT_NAME = "$(TARGET_NAME)";
				SWIFT_VERSION = 4.2;
				TARGETED_DEVICE_FAMILY = "1,2";
			};
			name = Release;
		};
		7284AD0821B1E24A00F1C11C /* Debug */ = {
			isa = XCBuildConfiguration;
			baseConfigurationReference = B840459F6C2BA890E3625FAC /* Pods-firekitTests.debug.xcconfig */;
			buildSettings = {
				ALWAYS_EMBED_SWIFT_STANDARD_LIBRARIES = YES;
				BUNDLE_LOADER = "$(TEST_HOST)";
				CODE_SIGN_STYLE = Automatic;
				DEVELOPMENT_TEAM = QVMS2DN242;
				INFOPLIST_FILE = firekitTests/Info.plist;
				LD_RUNPATH_SEARCH_PATHS = "$(inherited) @executable_path/Frameworks @loader_path/Frameworks";
				PRODUCT_BUNDLE_IDENTIFIER = com.iostemplates.firekitTests;
				PRODUCT_NAME = "$(TARGET_NAME)";
				SWIFT_VERSION = 4.2;
				TARGETED_DEVICE_FAMILY = "1,2";
				TEST_HOST = "$(BUILT_PRODUCTS_DIR)/firekit.app/firekit";
			};
			name = Debug;
		};
		7284AD0921B1E24A00F1C11C /* Release */ = {
			isa = XCBuildConfiguration;
			baseConfigurationReference = F951D6E7A3B05035A069E89A /* Pods-firekitTests.release.xcconfig */;
			buildSettings = {
				ALWAYS_EMBED_SWIFT_STANDARD_LIBRARIES = YES;
				BUNDLE_LOADER = "$(TEST_HOST)";
				CODE_SIGN_STYLE = Automatic;
				DEVELOPMENT_TEAM = QVMS2DN242;
				INFOPLIST_FILE = firekitTests/Info.plist;
				LD_RUNPATH_SEARCH_PATHS = "$(inherited) @executable_path/Frameworks @loader_path/Frameworks";
				PRODUCT_BUNDLE_IDENTIFIER = com.iostemplates.firekitTests;
				PRODUCT_NAME = "$(TARGET_NAME)";
				SWIFT_VERSION = 4.2;
				TARGETED_DEVICE_FAMILY = "1,2";
				TEST_HOST = "$(BUILT_PRODUCTS_DIR)/firekit.app/firekit";
			};
			name = Release;
		};
/* End XCBuildConfiguration section */

/* Begin XCConfigurationList section */
		7284ACE221B1E24900F1C11C /* Build configuration list for PBXProject "firekit" */ = {
			isa = XCConfigurationList;
			buildConfigurations = (
				7284AD0221B1E24A00F1C11C /* Debug */,
				7284AD0321B1E24A00F1C11C /* Release */,
			);
			defaultConfigurationIsVisible = 0;
			defaultConfigurationName = Release;
		};
		7284AD0421B1E24A00F1C11C /* Build configuration list for PBXNativeTarget "firekit" */ = {
			isa = XCConfigurationList;
			buildConfigurations = (
				7284AD0521B1E24A00F1C11C /* Debug */,
				7284AD0621B1E24A00F1C11C /* Release */,
			);
			defaultConfigurationIsVisible = 0;
			defaultConfigurationName = Release;
		};
		7284AD0721B1E24A00F1C11C /* Build configuration list for PBXNativeTarget "firekitTests" */ = {
			isa = XCConfigurationList;
			buildConfigurations = (
				7284AD0821B1E24A00F1C11C /* Debug */,
				7284AD0921B1E24A00F1C11C /* Release */,
			);
			defaultConfigurationIsVisible = 0;
			defaultConfigurationName = Release;
		};
/* End XCConfigurationList section */
	};
	rootObject = 7284ACDF21B1E24900F1C11C /* Project object */;
}
